
Microsoft Visual Studio Solution File, Format Version 12.00
# Visual Studio Version 17
VisualStudioVersion = 17.7.33711.374
MinimumVisualStudioVersion = 10.0.40219.1
Project("{9A19103F-16F7-4668-BE54-9A1E7A4F7556}") = "XafBlazor23Quartz.Module", "XafBlazor23Quartz.Module\XafBlazor23Quartz.Module.csproj", "{495B039E-F9C1-442E-B4A8-6604E8A02E9C}"
EndProject
Project("{9A19103F-16F7-4668-BE54-9A1E7A4F7556}") = "XafBlazor23Quartz.Blazor.Server", "XafBlazor23Quartz.Blazor.Server\XafBlazor23Quartz.Blazor.Server.csproj", "{070ED2F9-50C4-46F5-8C14-D32787D98AAD}"
EndProject
Global
	GlobalSection(SolutionConfigurationPlatforms) = preSolution
		Debug|Any CPU = Debug|Any CPU
		EasyTest|Any CPU = EasyTest|Any CPU
		Release|Any CPU = Release|Any CPU
	EndGlobalSection
	GlobalSection(ProjectConfigurationPlatforms) = postSolution
		{495B039E-F9C1-442E-B4A8-6604E8A02E9C}.Debug|Any CPU.ActiveCfg = Debug|Any CPU
		{495B039E-F9C1-442E-B4A8-6604E8A02E9C}.Debug|Any CPU.Build.0 = Debug|Any CPU
		{495B039E-F9C1-442E-B4A8-6604E8A02E9C}.EasyTest|Any CPU.ActiveCfg = EasyTest|Any CPU
		{495B039E-F9C1-442E-B4A8-6604E8A02E9C}.EasyTest|Any CPU.Build.0 = EasyTest|Any CPU
		{495B039E-F9C1-442E-B4A8-6604E8A02E9C}.Release|Any CPU.ActiveCfg = Release|Any CPU
		{495B039E-F9C1-442E-B4A8-6604E8A02E9C}.Release|Any CPU.Build.0 = Release|Any CPU
		{070ED2F9-50C4-46F5-8C14-D32787D98AAD}.Debug|Any CPU.ActiveCfg = Debug|Any CPU
		{070ED2F9-50C4-46F5-8C14-D32787D98AAD}.Debug|Any CPU.Build.0 = Debug|Any CPU
		{070ED2F9-50C4-46F5-8C14-D32787D98AAD}.EasyTest|Any CPU.ActiveCfg = EasyTest|Any CPU
		{070ED2F9-50C4-46F5-8C14-D32787D98AAD}.EasyTest|Any CPU.Build.0 = EasyTest|Any CPU
		{070ED2F9-50C4-46F5-8C14-D32787D98AAD}.Release|Any CPU.ActiveCfg = Release|Any CPU
		{070ED2F9-50C4-46F5-8C14-D32787D98AAD}.Release|Any CPU.Build.0 = Release|Any CPU
	EndGlobalSection
	GlobalSection(SolutionProperties) = preSolution
		HideSolutionNode = FALSE
	EndGlobalSection
	GlobalSection(ExtensibilityGlobals) = postSolution
		SolutionGuid = {2CA5BC66-4F02-46DB-8D0B-671F2B622E68}
	EndGlobalSection
EndGlobal
